// !$*UTF8*$!
{
	archiveVersion = 1;
	classes = {
	};
	objectVersion = 55;
	objects = {

/* Begin PBXBuildFile section */
		4B03FDDD7AE72769C8259EB8 /* Pods_HomeworkTracker.framework in Frameworks */ = {isa = PBXBuildFile; fileRef = 49B5779B91EF5F932A7F3F09 /* Pods_HomeworkTracker.framework */; };
		AAA28C19274ADA9800110E71 /* AppDelegate.swift in Sources */ = {isa = PBXBuildFile; fileRef = AAA28C18274ADA9800110E71 /* AppDelegate.swift */; };
		AAA28C1B274ADA9800110E71 /* SceneDelegate.swift in Sources */ = {isa = PBXBuildFile; fileRef = AAA28C1A274ADA9800110E71 /* SceneDelegate.swift */; };
		AAA28C1D274ADA9800110E71 /* ViewController.swift in Sources */ = {isa = PBXBuildFile; fileRef = AAA28C1C274ADA9800110E71 /* ViewController.swift */; };
		AAA28C20274ADA9800110E71 /* Main.storyboard in Resources */ = {isa = PBXBuildFile; fileRef = AAA28C1E274ADA9800110E71 /* Main.storyboard */; };
		AAA28C22274ADA9A00110E71 /* Assets.xcassets in Resources */ = {isa = PBXBuildFile; fileRef = AAA28C21274ADA9A00110E71 /* Assets.xcassets */; };
		AAA28C25274ADA9A00110E71 /* LaunchScreen.storyboard in Resources */ = {isa = PBXBuildFile; fileRef = AAA28C23274ADA9A00110E71 /* LaunchScreen.storyboard */; };
		AAA55F002759AA35000085FB /* NetworkManager.swift in Sources */ = {isa = PBXBuildFile; fileRef = AAA55EFF2759AA35000085FB /* NetworkManager.swift */; };
		AAA55F022759FDBB000085FB /* AddTaskViewController.swift in Sources */ = {isa = PBXBuildFile; fileRef = AAA55F012759FDBB000085FB /* AddTaskViewController.swift */; };
		AAB14C26274AF9A40095E988 /* Task.swift in Sources */ = {isa = PBXBuildFile; fileRef = AAB14C25274AF9A40095E988 /* Task.swift */; };
		AAB14C28274AFBF10095E988 /* TaskTableViewCell.swift in Sources */ = {isa = PBXBuildFile; fileRef = AAB14C27274AFBF10095E988 /* TaskTableViewCell.swift */; };
		AAB14C2A274AFFEC0095E988 /* EditTaskViewController.swift in Sources */ = {isa = PBXBuildFile; fileRef = AAB14C29274AFFEC0095E988 /* EditTaskViewController.swift */; };
/* End PBXBuildFile section */

/* Begin PBXFileReference section */
		49B5779B91EF5F932A7F3F09 /* Pods_HomeworkTracker.framework */ = {isa = PBXFileReference; explicitFileType = wrapper.framework; includeInIndex = 0; path = Pods_HomeworkTracker.framework; sourceTree = BUILT_PRODUCTS_DIR; };
		719D3F860D76D41933262DB8 /* Pods-HomeworkTracker.release.xcconfig */ = {isa = PBXFileReference; includeInIndex = 1; lastKnownFileType = text.xcconfig; name = "Pods-HomeworkTracker.release.xcconfig"; path = "Target Support Files/Pods-HomeworkTracker/Pods-HomeworkTracker.release.xcconfig"; sourceTree = "<group>"; };
		AAA28C15274ADA9800110E71 /* HomeworkTracker.app */ = {isa = PBXFileReference; explicitFileType = wrapper.application; includeInIndex = 0; path = HomeworkTracker.app; sourceTree = BUILT_PRODUCTS_DIR; };
		AAA28C18274ADA9800110E71 /* AppDelegate.swift */ = {isa = PBXFileReference; lastKnownFileType = sourcecode.swift; path = AppDelegate.swift; sourceTree = "<group>"; };
		AAA28C1A274ADA9800110E71 /* SceneDelegate.swift */ = {isa = PBXFileReference; lastKnownFileType = sourcecode.swift; path = SceneDelegate.swift; sourceTree = "<group>"; };
		AAA28C1C274ADA9800110E71 /* ViewController.swift */ = {isa = PBXFileReference; lastKnownFileType = sourcecode.swift; path = ViewController.swift; sourceTree = "<group>"; };
		AAA28C1F274ADA9800110E71 /* Base */ = {isa = PBXFileReference; lastKnownFileType = file.storyboard; name = Base; path = Base.lproj/Main.storyboard; sourceTree = "<group>"; };
		AAA28C21274ADA9A00110E71 /* Assets.xcassets */ = {isa = PBXFileReference; lastKnownFileType = folder.assetcatalog; path = Assets.xcassets; sourceTree = "<group>"; };
		AAA28C24274ADA9A00110E71 /* Base */ = {isa = PBXFileReference; lastKnownFileType = file.storyboard; name = Base; path = Base.lproj/LaunchScreen.storyboard; sourceTree = "<group>"; };
		AAA28C26274ADA9A00110E71 /* Info.plist */ = {isa = PBXFileReference; lastKnownFileType = text.plist.xml; path = Info.plist; sourceTree = "<group>"; };
		AAA55EFF2759AA35000085FB /* NetworkManager.swift */ = {isa = PBXFileReference; lastKnownFileType = sourcecode.swift; path = NetworkManager.swift; sourceTree = "<group>"; };
		AAA55F012759FDBB000085FB /* AddTaskViewController.swift */ = {isa = PBXFileReference; lastKnownFileType = sourcecode.swift; path = AddTaskViewController.swift; sourceTree = "<group>"; };
		AAB14C25274AF9A40095E988 /* Task.swift */ = {isa = PBXFileReference; lastKnownFileType = sourcecode.swift; path = Task.swift; sourceTree = "<group>"; };
		AAB14C27274AFBF10095E988 /* TaskTableViewCell.swift */ = {isa = PBXFileReference; lastKnownFileType = sourcecode.swift; path = TaskTableViewCell.swift; sourceTree = "<group>"; };
		AAB14C29274AFFEC0095E988 /* EditTaskViewController.swift */ = {isa = PBXFileReference; lastKnownFileType = sourcecode.swift; path = EditTaskViewController.swift; sourceTree = "<group>"; };
		AAC85C2083CA6D6C8D446FEB /* Pods-HomeworkTracker.debug.xcconfig */ = {isa = PBXFileReference; includeInIndex = 1; lastKnownFileType = text.xcconfig; name = "Pods-HomeworkTracker.debug.xcconfig"; path = "Target Support Files/Pods-HomeworkTracker/Pods-HomeworkTracker.debug.xcconfig"; sourceTree = "<group>"; };
/* End PBXFileReference section */

/* Begin PBXFrameworksBuildPhase section */
		AAA28C12274ADA9800110E71 /* Frameworks */ = {
			isa = PBXFrameworksBuildPhase;
			buildActionMask = 2147483647;
			files = (
				4B03FDDD7AE72769C8259EB8 /* Pods_HomeworkTracker.framework in Frameworks */,
			);
			runOnlyForDeploymentPostprocessing = 0;
		};
/* End PBXFrameworksBuildPhase section */

/* Begin PBXGroup section */
		9767B27EBA5F262A2B3890A9 /* Frameworks */ = {
			isa = PBXGroup;
			children = (
				49B5779B91EF5F932A7F3F09 /* Pods_HomeworkTracker.framework */,
			);
			name = Frameworks;
			sourceTree = "<group>";
		};
		AAA28C0C274ADA9700110E71 = {
			isa = PBXGroup;
			children = (
				AAA28C17274ADA9800110E71 /* HomeworkTracker */,
				AAA28C16274ADA9800110E71 /* Products */,
				D35216B9CAA9FC7ADB44D92F /* Pods */,
				9767B27EBA5F262A2B3890A9 /* Frameworks */,
			);
			sourceTree = "<group>";
		};
		AAA28C16274ADA9800110E71 /* Products */ = {
			isa = PBXGroup;
			children = (
				AAA28C15274ADA9800110E71 /* HomeworkTracker.app */,
			);
			name = Products;
			sourceTree = "<group>";
		};
		AAA28C17274ADA9800110E71 /* HomeworkTracker */ = {
			isa = PBXGroup;
			children = (
				AAA28C18274ADA9800110E71 /* AppDelegate.swift */,
				AAA28C1A274ADA9800110E71 /* SceneDelegate.swift */,
				AAA28C1C274ADA9800110E71 /* ViewController.swift */,
				AAA55EFF2759AA35000085FB /* NetworkManager.swift */,
				AAB14C29274AFFEC0095E988 /* EditTaskViewController.swift */,
				AAB14C27274AFBF10095E988 /* TaskTableViewCell.swift */,
				AAB14C25274AF9A40095E988 /* Task.swift */,
				AAA28C1E274ADA9800110E71 /* Main.storyboard */,
				AAA28C21274ADA9A00110E71 /* Assets.xcassets */,
				AAA28C23274ADA9A00110E71 /* LaunchScreen.storyboard */,
				AAA28C26274ADA9A00110E71 /* Info.plist */,
				AAA55F012759FDBB000085FB /* AddTaskViewController.swift */,
			);
			path = HomeworkTracker;
			sourceTree = "<group>";
		};
		D35216B9CAA9FC7ADB44D92F /* Pods */ = {
			isa = PBXGroup;
			children = (
				AAC85C2083CA6D6C8D446FEB /* Pods-HomeworkTracker.debug.xcconfig */,
				719D3F860D76D41933262DB8 /* Pods-HomeworkTracker.release.xcconfig */,
			);
			path = Pods;
			sourceTree = "<group>";
		};
/* End PBXGroup section */

/* Begin PBXNativeTarget section */
		AAA28C14274ADA9800110E71 /* HomeworkTracker */ = {
			isa = PBXNativeTarget;
			buildConfigurationList = AAA28C29274ADA9A00110E71 /* Build configuration list for PBXNativeTarget "HomeworkTracker" */;
			buildPhases = (
				9AC847FA63DC5FBFF8A1CEB9 /* [CP] Check Pods Manifest.lock */,
				AAA28C11274ADA9800110E71 /* Sources */,
				AAA28C12274ADA9800110E71 /* Frameworks */,
				AAA28C13274ADA9800110E71 /* Resources */,
				510CBC2CA53F1D55E7269B46 /* [CP] Embed Pods Frameworks */,
			);
			buildRules = (
			);
			dependencies = (
			);
			name = HomeworkTracker;
			productName = HomeworkTracker;
			productReference = AAA28C15274ADA9800110E71 /* HomeworkTracker.app */;
			productType = "com.apple.product-type.application";
		};
/* End PBXNativeTarget section */

/* Begin PBXProject section */
		AAA28C0D274ADA9700110E71 /* Project object */ = {
			isa = PBXProject;
			attributes = {
				BuildIndependentTargetsInParallel = 1;
				LastSwiftUpdateCheck = 1300;
				LastUpgradeCheck = 1300;
				TargetAttributes = {
					AAA28C14274ADA9800110E71 = {
						CreatedOnToolsVersion = 13.0;
					};
				};
			};
			buildConfigurationList = AAA28C10274ADA9700110E71 /* Build configuration list for PBXProject "HomeworkTracker" */;
			compatibilityVersion = "Xcode 13.0";
			developmentRegion = en;
			hasScannedForEncodings = 0;
			knownRegions = (
				en,
				Base,
			);
			mainGroup = AAA28C0C274ADA9700110E71;
			productRefGroup = AAA28C16274ADA9800110E71 /* Products */;
			projectDirPath = "";
			projectRoot = "";
			targets = (
				AAA28C14274ADA9800110E71 /* HomeworkTracker */,
			);
		};
/* End PBXProject section */

/* Begin PBXResourcesBuildPhase section */
		AAA28C13274ADA9800110E71 /* Resources */ = {
			isa = PBXResourcesBuildPhase;
			buildActionMask = 2147483647;
			files = (
				AAA28C25274ADA9A00110E71 /* LaunchScreen.storyboard in Resources */,
				AAA28C22274ADA9A00110E71 /* Assets.xcassets in Resources */,
				AAA28C20274ADA9800110E71 /* Main.storyboard in Resources */,
			);
			runOnlyForDeploymentPostprocessing = 0;
		};
/* End PBXResourcesBuildPhase section */

/* Begin PBXShellScriptBuildPhase section */
		510CBC2CA53F1D55E7269B46 /* [CP] Embed Pods Frameworks */ = {
			isa = PBXShellScriptBuildPhase;
			buildActionMask = 2147483647;
			files = (
			);
			inputFileListPaths = (
				"${PODS_ROOT}/Target Support Files/Pods-HomeworkTracker/Pods-HomeworkTracker-frameworks-${CONFIGURATION}-input-files.xcfilelist",
			);
			name = "[CP] Embed Pods Frameworks";
			outputFileListPaths = (
				"${PODS_ROOT}/Target Support Files/Pods-HomeworkTracker/Pods-HomeworkTracker-frameworks-${CONFIGURATION}-output-files.xcfilelist",
			);
			runOnlyForDeploymentPostprocessing = 0;
			shellPath = /bin/sh;
			shellScript = "\"${PODS_ROOT}/Target Support Files/Pods-HomeworkTracker/Pods-HomeworkTracker-frameworks.sh\"\n";
			showEnvVarsInLog = 0;
		};
		9AC847FA63DC5FBFF8A1CEB9 /* [CP] Check Pods Manifest.lock */ = {
			isa = PBXShellScriptBuildPhase;
			buildActionMask = 2147483647;
			files = (
			);
			inputFileListPaths = (
			);
			inputPaths = (
				"${PODS_PODFILE_DIR_PATH}/Podfile.lock",
				"${PODS_ROOT}/Manifest.lock",
			);
			name = "[CP] Check Pods Manifest.lock";
			outputFileListPaths = (
			);
			outputPaths = (
				"$(DERIVED_FILE_DIR)/Pods-HomeworkTracker-checkManifestLockResult.txt",
			);
			runOnlyForDeploymentPostprocessing = 0;
			shellPath = /bin/sh;
			shellScript = "diff \"${PODS_PODFILE_DIR_PATH}/Podfile.lock\" \"${PODS_ROOT}/Manifest.lock\" > /dev/null\nif [ $? != 0 ] ; then\n    # print error to STDERR\n    echo \"error: The sandbox is not in sync with the Podfile.lock. Run 'pod install' or update your CocoaPods installation.\" >&2\n    exit 1\nfi\n# This output is used by Xcode 'outputs' to avoid re-running this script phase.\necho \"SUCCESS\" > \"${SCRIPT_OUTPUT_FILE_0}\"\n";
			showEnvVarsInLog = 0;
		};
/* End PBXShellScriptBuildPhase section */

/* Begin PBXSourcesBuildPhase section */
		AAA28C11274ADA9800110E71 /* Sources */ = {
			isa = PBXSourcesBuildPhase;
			buildActionMask = 2147483647;
			files = (
				AAB14C26274AF9A40095E988 /* Task.swift in Sources */,
				AAA55F022759FDBB000085FB /* AddTaskViewController.swift in Sources */,
				AAB14C2A274AFFEC0095E988 /* EditTaskViewController.swift in Sources */,
				AAA28C1D274ADA9800110E71 /* ViewController.swift in Sources */,
				AAA55F002759AA35000085FB /* NetworkManager.swift in Sources */,
				AAB14C28274AFBF10095E988 /* TaskTableViewCell.swift in Sources */,
				AAA28C19274ADA9800110E71 /* AppDelegate.swift in Sources */,
				AAA28C1B274ADA9800110E71 /* SceneDelegate.swift in Sources */,
			);
			runOnlyForDeploymentPostprocessing = 0;
		};
/* End PBXSourcesBuildPhase section */

/* Begin PBXVariantGroup section */
		AAA28C1E274ADA9800110E71 /* Main.storyboard */ = {
			isa = PBXVariantGroup;
			children = (
				AAA28C1F274ADA9800110E71 /* Base */,
			);
			name = Main.storyboard;
			sourceTree = "<group>";
		};
		AAA28C23274ADA9A00110E71 /* LaunchScreen.storyboard */ = {
			isa = PBXVariantGroup;
			children = (
				AAA28C24274ADA9A00110E71 /* Base */,
			);
			name = LaunchScreen.storyboard;
			sourceTree = "<group>";
		};
/* End PBXVariantGroup section */

/* Begin XCBuildConfiguration section */
		AAA28C27274ADA9A00110E71 /* Debug */ = {
			isa = XCBuildConfiguration;
			buildSettings = {
				ALWAYS_SEARCH_USER_PATHS = NO;
				CLANG_ANALYZER_NONNULL = YES;
				CLANG_ANALYZER_NUMBER_OBJECT_CONVERSION = YES_AGGRESSIVE;
				CLANG_CXX_LANGUAGE_STANDARD = "gnu++17";
				CLANG_CXX_LIBRARY = "libc++";
				CLANG_ENABLE_MODULES = YES;
				CLANG_ENABLE_OBJC_ARC = YES;
				CLANG_ENABLE_OBJC_WEAK = YES;
				CLANG_WARN_BLOCK_CAPTURE_AUTORELEASING = YES;
				CLANG_WARN_BOOL_CONVERSION = YES;
				CLANG_WARN_COMMA = YES;
				CLANG_WARN_CONSTANT_CONVERSION = YES;
				CLANG_WARN_DEPRECATED_OBJC_IMPLEMENTATIONS = YES;
				CLANG_WARN_DIRECT_OBJC_ISA_USAGE = YES_ERROR;
				CLANG_WARN_DOCUMENTATION_COMMENTS = YES;
				CLANG_WARN_EMPTY_BODY = YES;
				CLANG_WARN_ENUM_CONVERSION = YES;
				CLANG_WARN_INFINITE_RECURSION = YES;
				CLANG_WARN_INT_CONVERSION = YES;
				CLANG_WARN_NON_LITERAL_NULL_CONVERSION = YES;
				CLANG_WARN_OBJC_IMPLICIT_RETAIN_SELF = YES;
				CLANG_WARN_OBJC_LITERAL_CONVERSION = YES;
				CLANG_WARN_OBJC_ROOT_CLASS = YES_ERROR;
				CLANG_WARN_QUOTED_INCLUDE_IN_FRAMEWORK_HEADER = YES;
				CLANG_WARN_RANGE_LOOP_ANALYSIS = YES;
				CLANG_WARN_STRICT_PROTOTYPES = YES;
				CLANG_WARN_SUSPICIOUS_MOVE = YES;
				CLANG_WARN_UNGUARDED_AVAILABILITY = YES_AGGRESSIVE;
				CLANG_WARN_UNREACHABLE_CODE = YES;
				CLANG_WARN__DUPLICATE_METHOD_MATCH = YES;
				COPY_PHASE_STRIP = NO;
				DEBUG_INFORMATION_FORMAT = dwarf;
				ENABLE_STRICT_OBJC_MSGSEND = YES;
				ENABLE_TESTABILITY = YES;
				GCC_C_LANGUAGE_STANDARD = gnu11;
				GCC_DYNAMIC_NO_PIC = NO;
				GCC_NO_COMMON_BLOCKS = YES;
				GCC_OPTIMIZATION_LEVEL = 0;
				GCC_PREPROCESSOR_DEFINITIONS = (
					"DEBUG=1",
					"$(inherited)",
				);
				GCC_WARN_64_TO_32_BIT_CONVERSION = YES;
				GCC_WARN_ABOUT_RETURN_TYPE = YES_ERROR;
				GCC_WARN_UNDECLARED_SELECTOR = YES;
				GCC_WARN_UNINITIALIZED_AUTOS = YES_AGGRESSIVE;
				GCC_WARN_UNUSED_FUNCTION = YES;
				GCC_WARN_UNUSED_VARIABLE = YES;
				IPHONEOS_DEPLOYMENT_TARGET = 15.0;
				MTL_ENABLE_DEBUG_INFO = INCLUDE_SOURCE;
				MTL_FAST_MATH = YES;
				ONLY_ACTIVE_ARCH = YES;
				SDKROOT = iphoneos;
				SWIFT_ACTIVE_COMPILATION_CONDITIONS = DEBUG;
				SWIFT_OPTIMIZATION_LEVEL = "-Onone";
			};
			name = Debug;
		};
		AAA28C28274ADA9A00110E71 /* Release */ = {
			isa = XCBuildConfiguration;
			buildSettings = {
				ALWAYS_SEARCH_USER_PATHS = NO;
				CLANG_ANALYZER_NONNULL = YES;
				CLANG_ANALYZER_NUMBER_OBJECT_CONVERSION = YES_AGGRESSIVE;
				CLANG_CXX_LANGUAGE_STANDARD = "gnu++17";
				CLANG_CXX_LIBRARY = "libc++";
				CLANG_ENABLE_MODULES = YES;
				CLANG_ENABLE_OBJC_ARC = YES;
				CLANG_ENABLE_OBJC_WEAK = YES;
				CLANG_WARN_BLOCK_CAPTURE_AUTORELEASING = YES;
				CLANG_WARN_BOOL_CONVERSION = YES;
				CLANG_WARN_COMMA = YES;
				CLANG_WARN_CONSTANT_CONVERSION = YES;
				CLANG_WARN_DEPRECATED_OBJC_IMPLEMENTATIONS = YES;
				CLANG_WARN_DIRECT_OBJC_ISA_USAGE = YES_ERROR;
				CLANG_WARN_DOCUMENTATION_COMMENTS = YES;
				CLANG_WARN_EMPTY_BODY = YES;
				CLANG_WARN_ENUM_CONVERSION = YES;
				CLANG_WARN_INFINITE_RECURSION = YES;
				CLANG_WARN_INT_CONVERSION = YES;
				CLANG_WARN_NON_LITERAL_NULL_CONVERSION = YES;
				CLANG_WARN_OBJC_IMPLICIT_RETAIN_SELF = YES;
				CLANG_WARN_OBJC_LITERAL_CONVERSION = YES;
				CLANG_WARN_OBJC_ROOT_CLASS = YES_ERROR;
				CLANG_WARN_QUOTED_INCLUDE_IN_FRAMEWORK_HEADER = YES;
				CLANG_WARN_RANGE_LOOP_ANALYSIS = YES;
				CLANG_WARN_STRICT_PROTOTYPES = YES;
				CLANG_WARN_SUSPICIOUS_MOVE = YES;
				CLANG_WARN_UNGUARDED_AVAILABILITY = YES_AGGRESSIVE;
				CLANG_WARN_UNREACHABLE_CODE = YES;
				CLANG_WARN__DUPLICATE_METHOD_MATCH = YES;
				COPY_PHASE_STRIP = NO;
				DEBUG_INFORMATION_FORMAT = "dwarf-with-dsym";
				ENABLE_NS_ASSERTIONS = NO;
				ENABLE_STRICT_OBJC_MSGSEND = YES;
				GCC_C_LANGUAGE_STANDARD = gnu11;
				GCC_NO_COMMON_BLOCKS = YES;
				GCC_WARN_64_TO_32_BIT_CONVERSION = YES;
				GCC_WARN_ABOUT_RETURN_TYPE = YES_ERROR;
				GCC_WARN_UNDECLARED_SELECTOR = YES;
				GCC_WARN_UNINITIALIZED_AUTOS = YES_AGGRESSIVE;
				GCC_WARN_UNUSED_FUNCTION = YES;
				GCC_WARN_UNUSED_VARIABLE = YES;
				IPHONEOS_DEPLOYMENT_TARGET = 15.0;
				MTL_ENABLE_DEBUG_INFO = NO;
				MTL_FAST_MATH = YES;
				SDKROOT = iphoneos;
				SWIFT_COMPILATION_MODE = wholemodule;
				SWIFT_OPTIMIZATION_LEVEL = "-O";
				VALIDATE_PRODUCT = YES;
			};
			name = Release;
		};
		AAA28C2A274ADA9A00110E71 /* Debug */ = {
			isa = XCBuildConfiguration;
			baseConfigurationReference = AAC85C2083CA6D6C8D446FEB /* Pods-HomeworkTracker.debug.xcconfig */;
			buildSettings = {
				ASSETCATALOG_COMPILER_APPICON_NAME = AppIcon;
				ASSETCATALOG_COMPILER_GLOBAL_ACCENT_COLOR_NAME = AccentColor;
				CODE_SIGN_STYLE = Automatic;
				CURRENT_PROJECT_VERSION = 1;
				DEVELOPMENT_TEAM = MNF2UPA9W3;
				GENERATE_INFOPLIST_FILE = YES;
				INFOPLIST_FILE = HomeworkTracker/Info.plist;
				INFOPLIST_KEY_UIApplicationSupportsIndirectInputEvents = YES;
				INFOPLIST_KEY_UILaunchStoryboardName = LaunchScreen;
				INFOPLIST_KEY_UIMainStoryboardFile = Main;
				INFOPLIST_KEY_UISupportedInterfaceOrientations_iPad = "UIInterfaceOrientationPortrait UIInterfaceOrientationPortraitUpsideDown UIInterfaceOrientationLandscapeLeft UIInterfaceOrientationLandscapeRight";
				INFOPLIST_KEY_UISupportedInterfaceOrientations_iPhone = "UIInterfaceOrientationPortrait UIInterfaceOrientationLandscapeLeft UIInterfaceOrientationLandscapeRight";
				LD_RUNPATH_SEARCH_PATHS = (
					"$(inherited)",
					"@executable_path/Frameworks",
				);
				MARKETING_VERSION = 1.0;
				PRODUCT_BUNDLE_IDENTIFIER = com.IOSCourse.HomeworkTracker;
				PRODUCT_NAME = "$(TARGET_NAME)";
				SWIFT_EMIT_LOC_STRINGS = YES;
				SWIFT_VERSION = 5.0;
				TARGETED_DEVICE_FAMILY = "1,2";
			};
			name = Debug;
		};
		AAA28C2B274ADA9A00110E71 /* Release */ = {
			isa = XCBuildConfiguration;
			baseConfigurationReference = 719D3F860D76D41933262DB8 /* Pods-HomeworkTracker.release.xcconfig */;
			buildSettings = {
				ASSETCATALOG_COMPILER_APPICON_NAME = AppIcon;
				ASSETCATALOG_COMPILER_GLOBAL_ACCENT_COLOR_NAME = AccentColor;
				CODE_SIGN_STYLE = Automatic;
				CURRENT_PROJECT_VERSION = 1;
				DEVELOPMENT_TEAM = MNF2UPA9W3;
				GENERATE_INFOPLIST_FILE = YES;
				INFOPLIST_FILE = HomeworkTracker/Info.plist;
				INFOPLIST_KEY_UIApplicationSupportsIndirectInputEvents = YES;
				INFOPLIST_KEY_UILaunchStoryboardName = LaunchScreen;
				INFOPLIST_KEY_UIMainStoryboardFile = Main;
				INFOPLIST_KEY_UISupportedInterfaceOrientations_iPad = "UIInterfaceOrientationPortrait UIInterfaceOrientationPortraitUpsideDown UIInterfaceOrientationLandscapeLeft UIInterfaceOrientationLandscapeRight";
				INFOPLIST_KEY_UISupportedInterfaceOrientations_iPhone = "UIInterfaceOrientationPortrait UIInterfaceOrientationLandscapeLeft UIInterfaceOrientationLandscapeRight";
				LD_RUNPATH_SEARCH_PATHS = (
					"$(inherited)",
					"@executable_path/Frameworks",
				);
				MARKETING_VERSION = 1.0;
				PRODUCT_BUNDLE_IDENTIFIER = com.IOSCourse.HomeworkTracker;
				PRODUCT_NAME = "$(TARGET_NAME)";
				SWIFT_EMIT_LOC_STRINGS = YES;
				SWIFT_VERSION = 5.0;
				TARGETED_DEVICE_FAMILY = "1,2";
			};
			name = Release;
		};
/* End XCBuildConfiguration section */

/* Begin XCConfigurationList section */
		AAA28C10274ADA9700110E71 /* Build configuration list for PBXProject "HomeworkTracker" */ = {
			isa = XCConfigurationList;
			buildConfigurations = (
				AAA28C27274ADA9A00110E71 /* Debug */,
				AAA28C28274ADA9A00110E71 /* Release */,
			);
			defaultConfigurationIsVisible = 0;
			defaultConfigurationName = Release;
		};
		AAA28C29274ADA9A00110E71 /* Build configuration list for PBXNativeTarget "HomeworkTracker" */ = {
			isa = XCConfigurationList;
			buildConfigurations = (
				AAA28C2A274ADA9A00110E71 /* Debug */,
				AAA28C2B274ADA9A00110E71 /* Release */,
			);
			defaultConfigurationIsVisible = 0;
			defaultConfigurationName = Release;
		};
/* End XCConfigurationList section */
	};
	rootObject = AAA28C0D274ADA9700110E71 /* Project object */;
}
